
Microsoft Visual Studio Solution File, Format Version 12.00
# Visual Studio Version 17
VisualStudioVersion = 17.11.35312.102
MinimumVisualStudioVersion = 10.0.40219.1
Project("{FAE04EC0-301F-11D3-BF4B-00C04F79EFBC}") = "KinectGame", "KinectGame.csproj", "{FAA29914-E660-4702-91F2-34CC555DC0B7}"
EndProject
Global
	GlobalSection(SolutionConfigurationPlatforms) = preSolution
		Debug|Any CPU = Debug|Any CPU
		Release|Any CPU = Release|Any CPU
	EndGlobalSection
	GlobalSection(ProjectConfigurationPlatforms) = postSolution
		{FAA29914-E660-4702-91F2-34CC555DC0B7}.Debug|Any CPU.ActiveCfg = Debug|Any CPU
		{FAA29914-E660-4702-91F2-34CC555DC0B7}.Debug|Any CPU.Build.0 = Debug|Any CPU
		{FAA29914-E660-4702-91F2-34CC555DC0B7}.Release|Any CPU.ActiveCfg = Release|Any CPU
		{FAA29914-E660-4702-91F2-34CC555DC0B7}.Release|Any CPU.Build.0 = Release|Any CPU
	EndGlobalSection
	GlobalSection(SolutionProperties) = preSolution
		HideSolutionNode = FALSE
	EndGlobalSection
	GlobalSection(ExtensibilityGlobals) = postSolution
		SolutionGuid = {0B142A28-1068-4914-935D-3B6954CBA94F}
	EndGlobalSection
EndGlobal
